# This file is @generated by PDM.
# It is not intended for manual editing.

[[package]]
name = "asgiref"
version = "3.7.2"
requires_python = ">=3.7"
summary = "ASGI specs, helper code, and adapters"
dependencies = [
    "typing-extensions>=4; python_version < \"3.11\"",
]

[[package]]
name = "django"
version = "4.2.2"
requires_python = ">=3.8"
summary = "A high-level Python web framework that encourages rapid development and clean, pragmatic design."
dependencies = [
    "asgiref<4,>=3.6.0",
    "sqlparse>=0.3.1",
    "tzdata; sys_platform == \"win32\"",
]

[[package]]
name = "django-ninja"
version = "0.22.2"
requires_python = ">=3.7"
summary = "Django Ninja - Fast Django REST framework"
dependencies = [
    "Django>=2.2",
    "pydantic<2.0.0,>=1.6",
]

[[package]]
name = "pydantic"
version = "1.10.10"
requires_python = ">=3.7"
summary = "Data validation and settings management using python type hints"
dependencies = [
    "typing-extensions>=4.2.0",
]

[[package]]
name = "sqlparse"
version = "0.4.4"
requires_python = ">=3.5"
summary = "A non-validating SQL parser."

[[package]]
name = "typing-extensions"
version = "4.7.1"
requires_python = ">=3.7"
summary = "Backported and Experimental Type Hints for Python 3.7+"

[[package]]
name = "tzdata"
version = "2023.3"
requires_python = ">=2"
summary = "Provider of IANA time zone data"

[metadata]
lock_version = "4.2"
cross_platform = true
groups = ["default", "dev"]
content_hash = "sha256:7cd2ae413a1f19a40d9d40d0e54009aa9c6f250857fe6bd794a7f50d525618d3"

[metadata.files]
"asgiref 3.7.2" = [
    {url = "https://files.pythonhosted.org/packages/12/19/64e38c1c2cbf0da9635b7082bbdf0e89052e93329279f59759c24a10cc96/asgiref-3.7.2.tar.gz", hash = "sha256:9e0ce3aa93a819ba5b45120216b23878cf6e8525eb3848653452b4192b92afed"},
    {url = "https://files.pythonhosted.org/packages/9b/80/b9051a4a07ad231558fcd8ffc89232711b4e618c15cb7a392a17384bbeef/asgiref-3.7.2-py3-none-any.whl", hash = "sha256:89b2ef2247e3b562a16eef663bc0e2e703ec6468e2fa8a5cd61cd449786d4f6e"},
]
"django 4.2.2" = [
    {url = "https://files.pythonhosted.org/packages/5c/fa/427fbcac5633f4b88fda7953efb04db903ca7e6d9486afdbda525c4006cc/Django-4.2.2.tar.gz", hash = "sha256:2a6b6fbff5b59dd07bef10bcb019bee2ea97a30b2a656d51346596724324badf"},
    {url = "https://files.pythonhosted.org/packages/ba/f3/7a66888bda4017198a692887bd566123732783073c1fd424db15358525fd/Django-4.2.2-py3-none-any.whl", hash = "sha256:672b3fa81e1f853bb58be1b51754108ab4ffa12a77c06db86aa8df9ed0c46fe5"},
]
"django-ninja 0.22.2" = [
    {url = "https://files.pythonhosted.org/packages/7c/8d/83bddc25896585c4de7a6640372ea35bb9b1ce9c9e6260a1ce8ad622dfb4/django_ninja-0.22.2-py3-none-any.whl", hash = "sha256:c53b098a8190f373ea2605c276a6061d48b2626500a9c6b9916c503e4b4a20eb"},
    {url = "https://files.pythonhosted.org/packages/81/04/6c4213ad7de43806522ffc69760f4e23ec4a170d01a761c7863f6fbb7233/django_ninja-0.22.2.tar.gz", hash = "sha256:913ebde7571d6a6968c9ac0b9e8a24680c46444d44fdd552f8831dbeede1292c"},
]
"pydantic 1.10.10" = [
    {url = "https://files.pythonhosted.org/packages/0d/cf/19ea27c3612b860da394f94bedef6c5ad2b561de0b8228eb1fdba60b7ac5/pydantic-1.10.10-cp311-cp311-manylinux_2_5_i686.manylinux1_i686.manylinux_2_17_i686.manylinux2014_i686.whl", hash = "sha256:4870f13a4fafd5bc3e93cff3169222534fad867918b188e83ee0496452978437"},
    {url = "https://files.pythonhosted.org/packages/1a/d6/431356f6eaa86889cf073a0fec74ec9511484c6410683bfea8f1d297ce4e/pydantic-1.10.10-cp38-cp38-musllinux_1_1_i686.whl", hash = "sha256:e088e3865a2270ecbc369924cd7d9fbc565667d9158e7f304e4097ebb9cf98dd"},
    {url = "https://files.pythonhosted.org/packages/24/31/f437a753bd530c5f20bddd4d258cf18435cd265482bff954962e47ebe8c5/pydantic-1.10.10-cp37-cp37m-musllinux_1_1_x86_64.whl", hash = "sha256:7aa75d1bd9cc275cf9782f50f60cddaf74cbaae19b6ada2a28e737edac420312"},
    {url = "https://files.pythonhosted.org/packages/2b/fb/5156a6dd16aad8ffd7f45d743e2ca680b2d1fee3fcbf692bf914f286dfa5/pydantic-1.10.10-cp310-cp310-macosx_11_0_arm64.whl", hash = "sha256:7a7db03339893feef2092ff7b1afc9497beed15ebd4af84c3042a74abce02d48"},
    {url = "https://files.pythonhosted.org/packages/39/5d/0d107e316dddf3061248ef6e069bdc986d0ecc6fd1d5cce282be1cea6b1f/pydantic-1.10.10-cp311-cp311-macosx_11_0_arm64.whl", hash = "sha256:f79db3652ed743309f116ba863dae0c974a41b688242482638b892246b7db21d"},
    {url = "https://files.pythonhosted.org/packages/39/e8/6c0ff73c8b45798ecf78c3b59980683334491605cda10c94c4d432002c7a/pydantic-1.10.10-cp37-cp37m-win_amd64.whl", hash = "sha256:9f62a727f5c590c78c2d12fda302d1895141b767c6488fe623098f8792255fe5"},
    {url = "https://files.pythonhosted.org/packages/3b/e8/12d37c26e8cd17848aff5947d2f66dceb5ee9a8facc81bd3c1f01d063a68/pydantic-1.10.10-cp38-cp38-musllinux_1_1_x86_64.whl", hash = "sha256:3403a090db45d4027d2344859d86eb797484dfda0706cf87af79ace6a35274ef"},
    {url = "https://files.pythonhosted.org/packages/3d/b8/4ff9559174ed4513adb1f477e795023965611e9bd6a529a2c74b167c1a63/pydantic-1.10.10-cp39-cp39-musllinux_1_1_x86_64.whl", hash = "sha256:ce937a2a2c020bcad1c9fde02892392a1123de6dda906ddba62bfe8f3e5989a2"},
    {url = "https://files.pythonhosted.org/packages/3f/97/8b7c5ff63b304db8c4df5c5fa94752393395e29394afdb86e73eec7a79b1/pydantic-1.10.10-cp39-cp39-manylinux_2_17_x86_64.manylinux2014_x86_64.whl", hash = "sha256:86936c383f7c38fd26d35107eb669c85d8f46dfceae873264d9bab46fe1c7dde"},
    {url = "https://files.pythonhosted.org/packages/43/38/b19aac63f729c5982b1ea6282e99bce534f028729588d7444ac60c6a5248/pydantic-1.10.10-cp39-cp39-win_amd64.whl", hash = "sha256:37ebddef68370e6f26243acc94de56d291e01227a67b2ace26ea3543cf53dd5f"},
    {url = "https://files.pythonhosted.org/packages/43/84/589d1e185be3b2f602166699ab3f0f1e22f00e98c83a382eb3906e9152d2/pydantic-1.10.10-cp311-cp311-manylinux_2_17_x86_64.manylinux2014_x86_64.whl", hash = "sha256:c62376890b819bebe3c717a9ac841a532988372b7e600e76f75c9f7c128219d5"},
    {url = "https://files.pythonhosted.org/packages/48/00/0c8bdbc73b69854e2e06bf483a701911eebbcb984e9ad2fe56e3b9d87250/pydantic-1.10.10-cp311-cp311-musllinux_1_1_x86_64.whl", hash = "sha256:8c40964596809eb616d94f9c7944511f620a1103d63d5510440ed2908fc410af"},
    {url = "https://files.pythonhosted.org/packages/4f/2f/2f2940a297264107c74e835e46d2564f98d0f5a1abc5b0ed3148cab6274e/pydantic-1.10.10-cp311-cp311-macosx_10_9_x86_64.whl", hash = "sha256:566a04ba755e8f701b074ffb134ddb4d429f75d5dced3fbd829a527aafe74c71"},
    {url = "https://files.pythonhosted.org/packages/51/25/5aade6a87321b1aa8ee52d34dc86f703ece897e12983960504c408588a16/pydantic-1.10.10-cp38-cp38-manylinux_2_17_x86_64.manylinux2014_x86_64.whl", hash = "sha256:c41bbaae89e32fc582448e71974de738c055aef5ab474fb25692981a08df808a"},
    {url = "https://files.pythonhosted.org/packages/5d/e6/19bf53dd62c04925c1396f9f2e4a44ce008dded600839097b411674a6de8/pydantic-1.10.10-cp310-cp310-win_amd64.whl", hash = "sha256:a2d5be50ac4a0976817144c7d653e34df2f9436d15555189f5b6f61161d64183"},
    {url = "https://files.pythonhosted.org/packages/5f/ba/64fbd2e322e367c6244a6348fb239ae7ed7465d429e288ed860b9a63cd2f/pydantic-1.10.10-cp310-cp310-manylinux_2_5_i686.manylinux1_i686.manylinux_2_17_i686.manylinux2014_i686.whl", hash = "sha256:edfdf0a5abc5c9bf2052ebaec20e67abd52e92d257e4f2d30e02c354ed3e6030"},
    {url = "https://files.pythonhosted.org/packages/62/8c/477522d0de12b211e3260c915955cbdf11390d19b8d112593ae70a484c5b/pydantic-1.10.10-cp310-cp310-musllinux_1_1_i686.whl", hash = "sha256:20a3b30fd255eeeb63caa9483502ba96b7795ce5bf895c6a179b3d909d9f53a6"},
    {url = "https://files.pythonhosted.org/packages/80/fb/8ffd090805ccff521ed2538177d98a353e4f2ea838fc83bb2bd3276da3a0/pydantic-1.10.10-cp37-cp37m-manylinux_2_5_i686.manylinux1_i686.manylinux_2_17_i686.manylinux2014_i686.whl", hash = "sha256:f3d4ee957a727ccb5a36f1b0a6dbd9fad5dedd2a41eada99a8df55c12896e18d"},
    {url = "https://files.pythonhosted.org/packages/8f/ed/da9ac52953eff4c3687bcd3789cc53dc2a4e01a87ff7d71da5d4651a8b9a/pydantic-1.10.10-cp39-cp39-manylinux_2_5_i686.manylinux1_i686.manylinux_2_17_i686.manylinux2014_i686.whl", hash = "sha256:7a26841be620309a9697f5b1ffc47dce74909e350c5315ccdac7a853484d468a"},
    {url = "https://files.pythonhosted.org/packages/92/90/670394832cbf3decee949ea7dc56c3e413607bdd2da7679c3fd6fda161a3/pydantic-1.10.10-cp37-cp37m-macosx_10_9_x86_64.whl", hash = "sha256:762aa598f79b4cac2f275d13336b2dd8662febee2a9c450a49a2ab3bec4b385f"},
    {url = "https://files.pythonhosted.org/packages/96/22/28823352c589f420288fa2f4e403f73b987516ec3d7cb5e6a27f3c0ff159/pydantic-1.10.10-cp37-cp37m-musllinux_1_1_i686.whl", hash = "sha256:b69f9138dec566962ec65623c9d57bee44412d2fc71065a5f3ebb3820bdeee96"},
    {url = "https://files.pythonhosted.org/packages/99/2c/0326d930a31e673a05594827012db1307647cba79e04942751ab50abd2da/pydantic-1.10.10-py3-none-any.whl", hash = "sha256:a5939ec826f7faec434e2d406ff5e4eaf1716eb1f247d68cd3d0b3612f7b4c8a"},
    {url = "https://files.pythonhosted.org/packages/9b/b3/a7e6ab836a486c0e06ef5c256c3aeda589f47fded8bcc73e41b0192e2791/pydantic-1.10.10-cp38-cp38-macosx_10_9_x86_64.whl", hash = "sha256:aac218feb4af73db8417ca7518fb3bade4534fcca6e3fb00f84966811dd94450"},
    {url = "https://files.pythonhosted.org/packages/a3/0e/247191a49d636a6af7c9594ee35c6013a24999d4b51e56ff1f05eed40d54/pydantic-1.10.10-cp38-cp38-win_amd64.whl", hash = "sha256:e0014e29637125f4997c174dd6167407162d7af0da73414a9340461ea8573252"},
    {url = "https://files.pythonhosted.org/packages/b0/46/0f1fb406edbfb51770ede5907dd01dba9d0e56975a5ea5fc14eff89a20c6/pydantic-1.10.10-cp310-cp310-macosx_10_9_x86_64.whl", hash = "sha256:adad1ee4ab9888f12dac2529276704e719efcf472e38df7813f5284db699b4ec"},
    {url = "https://files.pythonhosted.org/packages/b9/e0/b4f5ac92494664a0f1d3d59df62a5c7091bc10129a5e4e12fd8983c7697c/pydantic-1.10.10-cp311-cp311-musllinux_1_1_i686.whl", hash = "sha256:990027e77cda6072a566e433b6962ca3b96b4f3ae8bd54748e9d62a58284d9d7"},
    {url = "https://files.pythonhosted.org/packages/c3/e9/673e38410df4e5dbdbbdacdc0c251234dbf39d3a603eedac672a803f92fa/pydantic-1.10.10-cp39-cp39-macosx_11_0_arm64.whl", hash = "sha256:748d10ab6089c5d196e1c8be9de48274f71457b01e59736f7a09c9dc34f51887"},
    {url = "https://files.pythonhosted.org/packages/c9/fb/6225e6ac15897e73f34c4aa103bdba7455d1338b14e6b1083fb792b8afd8/pydantic-1.10.10-cp310-cp310-manylinux_2_17_x86_64.manylinux2014_x86_64.whl", hash = "sha256:67b3714b97ff84b2689654851c2426389bcabfac9080617bcf4306c69db606f6"},
    {url = "https://files.pythonhosted.org/packages/cb/bb/419b32fc6d86687220374c86f3c82d2b8a777a3a8fd8aab71583e9d01e88/pydantic-1.10.10-cp38-cp38-manylinux_2_5_i686.manylinux1_i686.manylinux_2_17_i686.manylinux2014_i686.whl", hash = "sha256:2b71bd504d1573b0b722ae536e8ffb796bedeef978979d076bf206e77dcc55a5"},
    {url = "https://files.pythonhosted.org/packages/e1/4b/5887bf795e6b4d20e3bff2f9b8bd3773eec29d1890b61f8b98efe6264216/pydantic-1.10.10-cp310-cp310-musllinux_1_1_x86_64.whl", hash = "sha256:db4c7f7e60ca6f7d6c1785070f3e5771fcb9b2d88546e334d2f2c3934d949028"},
    {url = "https://files.pythonhosted.org/packages/e5/89/bbad719b3d92d94ca76b7639c27ddd7c40ec02fcf31a215f10fdf7715d8b/pydantic-1.10.10-cp37-cp37m-manylinux_2_17_x86_64.manylinux2014_x86_64.whl", hash = "sha256:6dab5219659f95e357d98d70577b361383057fb4414cfdb587014a5f5c595f7b"},
    {url = "https://files.pythonhosted.org/packages/e8/43/c9e0e07ec44fef69b4c3182792ca1992cd887758518963a7b09544fed89e/pydantic-1.10.10-cp39-cp39-macosx_10_9_x86_64.whl", hash = "sha256:9965e49c6905840e526e5429b09e4c154355b6ecc0a2f05492eda2928190311d"},
    {url = "https://files.pythonhosted.org/packages/e9/bf/16add0c4fbf5fb3b59e77c56cb1fea92ba10fb0d351f558fae2c8b480244/pydantic-1.10.10-cp38-cp38-macosx_11_0_arm64.whl", hash = "sha256:88546dc10a40b5b52cae87d64666787aeb2878f9a9b37825aedc2f362e7ae1da"},
    {url = "https://files.pythonhosted.org/packages/eb/84/9b0a0e2d931fc9bdb32e6905076714f9592f9b20de03c90fd0f65b3ab063/pydantic-1.10.10.tar.gz", hash = "sha256:3b8d5bd97886f9eb59260594207c9f57dce14a6f869c6ceea90188715d29921a"},
    {url = "https://files.pythonhosted.org/packages/ef/fc/b02f036f159402af46460728206d718e7bf69e5764d5ad0c090f390667b9/pydantic-1.10.10-cp39-cp39-musllinux_1_1_i686.whl", hash = "sha256:409b810f387610cc7405ab2fa6f62bdf7ea485311845a242ebc0bd0496e7e5ac"},
    {url = "https://files.pythonhosted.org/packages/f3/24/4fd5dee69b76d2f435a743f494a7a3cd96f7484be4d8e82c1eb77b849334/pydantic-1.10.10-cp311-cp311-win_amd64.whl", hash = "sha256:ea9eebc2ebcba3717e77cdeee3f6203ffc0e78db5f7482c68b1293e8cc156e5e"},
]
"sqlparse 0.4.4" = [
    {url = "https://files.pythonhosted.org/packages/65/16/10f170ec641ed852611b6c9441b23d10b5702ab5288371feab3d36de2574/sqlparse-0.4.4.tar.gz", hash = "sha256:d446183e84b8349fa3061f0fe7f06ca94ba65b426946ffebe6e3e8295332420c"},
    {url = "https://files.pythonhosted.org/packages/98/5a/66d7c9305baa9f11857f247d4ba761402cea75db6058ff850ed7128957b7/sqlparse-0.4.4-py3-none-any.whl", hash = "sha256:5430a4fe2ac7d0f93e66f1efc6e1338a41884b7ddf2a350cedd20ccc4d9d28f3"},
]
"typing-extensions 4.7.1" = [
    {url = "https://files.pythonhosted.org/packages/3c/8b/0111dd7d6c1478bf83baa1cab85c686426c7a6274119aceb2bd9d35395ad/typing_extensions-4.7.1.tar.gz", hash = "sha256:b75ddc264f0ba5615db7ba217daeb99701ad295353c45f9e95963337ceeeffb2"},
    {url = "https://files.pythonhosted.org/packages/ec/6b/63cc3df74987c36fe26157ee12e09e8f9db4de771e0f3404263117e75b95/typing_extensions-4.7.1-py3-none-any.whl", hash = "sha256:440d5dd3af93b060174bf433bccd69b0babc3b15b1a8dca43789fd7f61514b36"},
]
"tzdata 2023.3" = [
    {url = "https://files.pythonhosted.org/packages/70/e5/81f99b9fced59624562ab62a33df639a11b26c582be78864b339dafa420d/tzdata-2023.3.tar.gz", hash = "sha256:11ef1e08e54acb0d4f95bdb1be05da659673de4acbd21bf9c69e94cc5e907a3a"},
    {url = "https://files.pythonhosted.org/packages/d5/fb/a79efcab32b8a1f1ddca7f35109a50e4a80d42ac1c9187ab46522b2407d7/tzdata-2023.3-py2.py3-none-any.whl", hash = "sha256:7e65763eef3120314099b6939b5546db7adce1e7d6f2e179e3df563c70511eda"},
]
